<?xml version="1.0" encoding="utf-8"?>
<Project ToolsVersion="4.0" xmlns="http://schemas.microsoft.com/developer/msbuild/2003">
  <ItemGroup>
    <Filter Include="Source Files">
      <UniqueIdentifier>{4FC737F1-C7A5-4376-A066-2A32D752A2FF}</UniqueIdentifier>
      <Extensions>cpp;c;cc;cxx;c++;cppm;ixx;def;odl;idl;hpj;bat;asm;asmx</Extensions>
    </Filter>
    <Filter Include="Header Files">
      <UniqueIdentifier>{93995380-89BD-4b04-88EB-625FBE52EBFB}</UniqueIdentifier>
      <Extensions>h;hh;hpp;hxx;h++;hm;inl;inc;ipp;xsd</Extensions>
    </Filter>
    <Filter Include="Resource Files">
      <UniqueIdentifier>{67DA6AB6-F800-4c08-8B7A-83BB121AAD01}</UniqueIdentifier>
      <Extensions>rc;ico;cur;bmp;dlg;rc2;rct;bin;rgs;gif;jpg;jpeg;jpe;resx;tiff;tif;png;wav;mfcribbon-ms</Extensions>
    </Filter>
    <Filter Include="Source Files\src">
      <UniqueIdentifier>{7c9f7bbd-e448-480e-b7a2-cfe0478b871d}</UniqueIdentifier>
    </Filter>
    <Filter Include="Source Files\src\core">
      <UniqueIdentifier>{8ecb4b69-d75a-427f-8f4e-a3f2adb7d856}</UniqueIdentifier>
    </Filter>
    <Filter Include="Source Files\src\util">
      <UniqueIdentifier>{4b01e3ed-2b2e-4f70-bff6-2817078243c3}</UniqueIdentifier>
    </Filter>
    <Filter Include="Source Files\src\entity">
      <UniqueIdentifier>{e3a1ef29-2935-4c71-b696-c0aa8414b61d}</UniqueIdentifier>
    </Filter>
    <Filter Include="Source Files\src\ecs">
      <UniqueIdentifier>{d6fb435c-e7ca-4110-a717-427c4b045c5d}</UniqueIdentifier>
    </Filter>
    <Filter Include="Source Files\src\world">
      <UniqueIdentifier>{c3b38fd9-b155-4fd2-b7e7-d5776359e157}</UniqueIdentifier>
    </Filter>
    <Filter Include="Source Files\src\input">
      <UniqueIdentifier>{50c14045-832d-4588-b8d2-9a62552961ef}</UniqueIdentifier>
    </Filter>
    <Filter Include="Source Files\src\input\command">
      <UniqueIdentifier>{eef9cd42-f47d-46cb-b164-90ae753bd16d}</UniqueIdentifier>
    </Filter>
    <Filter Include="Source Files\src\state_machine">
      <UniqueIdentifier>{728ef0a6-8dea-4f0f-9736-c8b49a695b54}</UniqueIdentifier>
    </Filter>
    <Filter Include="Source Files\src\state_machine\states">
      <UniqueIdentifier>{a7c08862-227e-4667-9ea2-8c3304c0896e}</UniqueIdentifier>
    </Filter>
  </ItemGroup>
  <ItemGroup>
    <ClCompile Include="main.cpp">
      <Filter>Source Files\src</Filter>
    </ClCompile>
    <ClCompile Include="src\entity\Entity.cpp">
      <Filter>Source Files\src\entity</Filter>
    </ClCompile>
    <ClCompile Include="src\entity\Character.cpp">
      <Filter>Source Files\src\entity</Filter>
    </ClCompile>
    <ClCompile Include="src\ecs\SceneNode.cpp">
      <Filter>Source Files\src\ecs</Filter>
    </ClCompile>
    <ClCompile Include="src\world\GameWorld.cpp">
      <Filter>Source Files\src\world</Filter>
    </ClCompile>
    <ClCompile Include="src\ecs\SpriteNode.cpp">
      <Filter>Source Files\src\ecs</Filter>
    </ClCompile>
    <ClCompile Include="src\input\command\Command.cpp">
      <Filter>Source Files\src\input\command</Filter>
    </ClCompile>
    <ClCompile Include="src\input\command\CommandQueue.cpp">
      <Filter>Source Files\src\input\command</Filter>
    </ClCompile>
    <ClCompile Include="src\input\InputHandler.cpp">
      <Filter>Source Files\src\input</Filter>
    </ClCompile>
    <ClCompile Include="src\core\Application.cpp">
      <Filter>Source Files\src\core</Filter>
    </ClCompile>
    <ClCompile Include="src\state_machine\states\GameState.cpp">
      <Filter>Source Files\src\state_machine\states</Filter>
    </ClCompile>
    <ClCompile Include="src\state_machine\states\MenuState.cpp">
      <Filter>Source Files\src\state_machine\states</Filter>
    </ClCompile>
    <ClCompile Include="src\state_machine\states\PauseState.cpp">
      <Filter>Source Files\src\state_machine\states</Filter>
    </ClCompile>
    <ClCompile Include="src\state_machine\states\TitleState.cpp">
      <Filter>Source Files\src\state_machine\states</Filter>
    </ClCompile>
    <ClCompile Include="src\state_machine\State.cpp">
      <Filter>Source Files\src\state_machine</Filter>
    </ClCompile>
    <ClCompile Include="src\state_machine\StateStack.cpp">
      <Filter>Source Files\src\state_machine</Filter>
    </ClCompile>
    <ClCompile Include="src\util\Utility.cpp">
      <Filter>Source Files\src\util</Filter>
    </ClCompile>
    <ClCompile Include="src\state_machine\states\LoadingState.cpp">
      <Filter>Source Files\src\state_machine\states</Filter>
    </ClCompile>
    <ClCompile Include="src\state_machine\ParallelTask.cpp">
      <Filter>Source Files\src\state_machine</Filter>
    </ClCompile>
  </ItemGroup>
  <ItemGroup>
    <ClInclude Include="src\util\FileSystem.h">
      <Filter>Source Files\src\util</Filter>
    </ClInclude>
    <ClInclude Include="src\entity\Entity.h">
      <Filter>Source Files\src\entity</Filter>
    </ClInclude>
    <ClInclude Include="src\entity\Character.h">
      <Filter>Source Files\src\entity</Filter>
    </ClInclude>
    <ClInclude Include="src\ecs\SceneNode.h">
      <Filter>Source Files\src\ecs</Filter>
    </ClInclude>
    <ClInclude Include="src\util\ResourceIdentifiers.h">
      <Filter>Source Files\src\util</Filter>
    </ClInclude>
    <ClInclude Include="src\world\GameWorld.h">
      <Filter>Source Files\src\world</Filter>
    </ClInclude>
    <ClInclude Include="src\ecs\SpriteNode.h">
      <Filter>Source Files\src\ecs</Filter>
    </ClInclude>
    <ClInclude Include="src\input\command\Command.h">
      <Filter>Source Files\src\input\command</Filter>
    </ClInclude>
    <ClInclude Include="src\util\Category.h">
      <Filter>Source Files\src\util</Filter>
    </ClInclude>
    <ClInclude Include="src\input\command\CommandQueue.h">
      <Filter>Source Files\src\input\command</Filter>
    </ClInclude>
    <ClInclude Include="src\input\InputHandler.h">
      <Filter>Source Files\src\input</Filter>
    </ClInclude>
    <ClInclude Include="src\core\Application.h">
      <Filter>Source Files\src\core</Filter>
    </ClInclude>
    <ClInclude Include="src\state_machine\states\GameState.h">
      <Filter>Source Files\src\state_machine\states</Filter>
    </ClInclude>
    <ClInclude Include="src\state_machine\states\MenuState.h">
      <Filter>Source Files\src\state_machine\states</Filter>
    </ClInclude>
    <ClInclude Include="src\state_machine\states\PauseState.h">
      <Filter>Source Files\src\state_machine\states</Filter>
    </ClInclude>
    <ClInclude Include="src\state_machine\states\TitleState.h">
      <Filter>Source Files\src\state_machine\states</Filter>
    </ClInclude>
    <ClInclude Include="src\state_machine\State.h">
      <Filter>Source Files\src\state_machine</Filter>
    </ClInclude>
    <ClInclude Include="src\state_machine\StateIdentifiers.h">
      <Filter>Source Files\src\state_machine</Filter>
    </ClInclude>
    <ClInclude Include="src\state_machine\StateStack.h">
      <Filter>Source Files\src\state_machine</Filter>
    </ClInclude>
    <ClInclude Include="src\util\Utility.h">
      <Filter>Source Files\src\util</Filter>
    </ClInclude>
    <ClInclude Include="src\state_machine\states\LoadingState.h">
      <Filter>Source Files\src\state_machine\states</Filter>
    </ClInclude>
    <ClInclude Include="src\state_machine\ParallelTask.h">
      <Filter>Source Files\src\state_machine</Filter>
    </ClInclude>
  </ItemGroup>
  <ItemGroup>
    <None Include="src\util\FileSystem.inl">
      <Filter>Source Files\src\util</Filter>
    </None>
    <None Include="src\util\Utility.inl">
      <Filter>Source Files\src\util</Filter>
    </None>
  </ItemGroup>
</Project>